github.com/DATA-DOG/go-sqlmock v1.3.3/go.mod h1:f/Ixk793poVmq4qj/V1dPUg2JEAKC73Q5eFN3EC/SaM=
github.com/applegreengrape/finnhub-terminal/finnhub v0.0.0-20201022162204-567869bbc598 h1:/pJsDOESHgolgNK01TGLAOMZe02kR3JA58QgdAAi1qI=
github.com/applegreengrape/finnhub-terminal/finnhub v0.0.0-20201022162204-567869bbc598/go.mod h1:ZM/IFd73SMw0f8nTUghjoUsxPftzAMaDrore+mbVyqA=
github.com/applegreengrape/finnhub-terminal/finnhub v0.0.0-20201022224320-74d3c93a3a14 h1:1ABLAuqlBg/5qc7OipqCEGtE481nVGN6OfAafwAvVu4=
github.com/applegreengrape/finnhub-terminal/finnhub v0.0.0-20201022224320-74d3c93a3a14/go.mod h1:ZM/IFd73SMw0f8nTUghjoUsxPftzAMaDrore+mbVyqA=
github.com/applegreengrape/finnhub-terminal/widgets v0.0.0-20201022162204-567869bbc598 h1:IR/9j9ZFIXtovwPuNWRkJmS11tckpRJwMlTktUeDTMU=
github.com/applegreengrape/finnhub-terminal/widgets v0.0.0-20201022162204-567869bbc598/go.mod h1:Vf1BbTTvyCD+0Cj/AERydtmad36MqV1HOxsHLb/5Sh0=
github.com/applegreengrape/finnhub-terminal/widgets v0.0.0-20201023173905-bc79b24e54bd h1:TmdL/IduOBJ0hX24QbQ3BTSbZ3hpoELcarLg4Z16E7A=
github.com/applegreengrape/finnhub-terminal/widgets v0.0.0-20201023173905-bc79b24e54bd/go.mod h1:zqBed3UKk2fkAEJjNzAEUsr+VGziQcx0r5L34iPBLl0=
github.com/applegreengrape/finnhub-terminal/yahoo v0.0.0-20201022162204-567869bbc598 h1:a3OUPlgNVk6ycUIgXHjVCVskOJ29y4a9WBHwLUU/JMM=
github.com/applegreengrape/finnhub-terminal/yahoo v0.0.0-20201022162204-567869bbc598/go.mod h1:b2mx3Kd6zcmHWRp/lpfgnPUiMBXhNnAjKAJmtzoPEH8=
github.com/gdamore/encoding v1.0.0/go.mod h1:alR0ol34c49FCSBLjhosxzcPHQbf2trDkoo5dl+VrEg=
github.com/gdamore/tcell v1.3.0/go.mod h1:Hjvr+Ofd+gLglo7RYKxxnzCBmev3BzsS67MebKS4zMM=
github.com/kylelemons/godebug v1.1.0 h1:RPNrshWIDI6G2gRW9EHilWtl7Z6Sb1BR0xunSBf0SNc=
github.com/kylelemons/godebug v1.1.0/go.mod h1:9/0rRGxNHcop5bhtWyNeEfOS8JIWk580+fNqagV/RAw=
github.com/lucasb-eyer/go-colorful v1.0.2/go.mod h1:0MS4r+7BZKSJ5mw4/S5MPN+qHFF1fYclkSPilDOKW0s=
github.com/mattn/go-runewidth v0.0.4/go.mod h1:LwmH8dsx7+W8Uxz3IHJYH5QSwggIsqBzpuz5H//U1FU=
github.com/mattn/go-runewidth v0.0.9 h1:Lm995f3rfxdpd6TSmuVCHVb/QhupuXlYr8sCI/QdE+0=
github.com/mattn/go-runewidth v0.0.9/go.mod h1:H031xJmbD/WCDINGzjvQ9THkh0rPKHF+m2gUSrubnMI=
github.com/mum4k/termdash v0.12.2 h1:S2frz71OrXUKIVVZ3snYBEzyYlUNRTu0ElV6d5Pf6gI=
github.com/mum4k/termdash v0.12.2/go.mod h1:haerPCSO0U8pehROAecmuOHDF+2UXw2KaCTxdWooDFE=
github.com/nsf/termbox-go v0.0.0-20200204031403-4d2b513ad8be h1:yzmWtPyxEUIKdZg4RcPq64MfS8NA6A5fNOJgYhpR9EQ=
github.com/nsf/termbox-go v0.0.0-20200204031403-4d2b513ad8be/go.mod h1:IuKpRQcYE1Tfu+oAQqaLisqDeXgjyyltCfsaoYN18NQ=
golang.org/x/sys v0.0.0-20190626150813-e07cf5db2756/go.mod h1:h1NjWce9XRLGQEsW7wpKNCjG9DtNlClVuFLEZdDNbEs=
golang.org/x/text v0.3.0/go.mod h1:NqM8EUOU14njkJ3fqMW+pc6Ldnwhi/IjpwHt7yyuwOQ=
